
Microsoft Visual Studio Solution File, Format Version 12.00
# Visual Studio Version 17
VisualStudioVersion = 17.9.34728.123
MinimumVisualStudioVersion = 10.0.40219.1
Project("{FAE04EC0-301F-11D3-BF4B-00C04F79EFBC}") = "Q47", "Q47.csproj", "{48B027C7-DBE3-4D51-B8B1-71DCBC2E6956}"
EndProject
Global
	GlobalSection(SolutionConfigurationPlatforms) = preSolution
		Debug|Any CPU = Debug|Any CPU
		Release|Any CPU = Release|Any CPU
	EndGlobalSection
	GlobalSection(ProjectConfigurationPlatforms) = postSolution
		{48B027C7-DBE3-4D51-B8B1-71DCBC2E6956}.Debug|Any CPU.ActiveCfg = Debug|Any CPU
		{48B027C7-DBE3-4D51-B8B1-71DCBC2E6956}.Debug|Any CPU.Build.0 = Debug|Any CPU
		{48B027C7-DBE3-4D51-B8B1-71DCBC2E6956}.Release|Any CPU.ActiveCfg = Release|Any CPU
		{48B027C7-DBE3-4D51-B8B1-71DCBC2E6956}.Release|Any CPU.Build.0 = Release|Any CPU
	EndGlobalSection
	GlobalSection(SolutionProperties) = preSolution
		HideSolutionNode = FALSE
	EndGlobalSection
	GlobalSection(ExtensibilityGlobals) = postSolution
		SolutionGuid = {10B11BCF-0F5B-4383-BF2F-81E26196E054}
	EndGlobalSection
EndGlobal
