
Microsoft Visual Studio Solution File, Format Version 12.00
# Visual Studio Version 17
VisualStudioVersion = 17.9.34728.123
MinimumVisualStudioVersion = 10.0.40219.1
Project("{FAE04EC0-301F-11D3-BF4B-00C04F79EFBC}") = "Q16", "Q16.csproj", "{CE00709A-A22F-41A7-80E6-D1F3B923C184}"
EndProject
Global
	GlobalSection(SolutionConfigurationPlatforms) = preSolution
		Debug|Any CPU = Debug|Any CPU
		Release|Any CPU = Release|Any CPU
	EndGlobalSection
	GlobalSection(ProjectConfigurationPlatforms) = postSolution
		{CE00709A-A22F-41A7-80E6-D1F3B923C184}.Debug|Any CPU.ActiveCfg = Debug|Any CPU
		{CE00709A-A22F-41A7-80E6-D1F3B923C184}.Debug|Any CPU.Build.0 = Debug|Any CPU
		{CE00709A-A22F-41A7-80E6-D1F3B923C184}.Release|Any CPU.ActiveCfg = Release|Any CPU
		{CE00709A-A22F-41A7-80E6-D1F3B923C184}.Release|Any CPU.Build.0 = Release|Any CPU
	EndGlobalSection
	GlobalSection(SolutionProperties) = preSolution
		HideSolutionNode = FALSE
	EndGlobalSection
	GlobalSection(ExtensibilityGlobals) = postSolution
		SolutionGuid = {A4EF85EE-6FF1-4FD4-AB79-F38BB6A8901F}
	EndGlobalSection
EndGlobal
