
Microsoft Visual Studio Solution File, Format Version 12.00
# Visual Studio Version 17
VisualStudioVersion = 17.9.34728.123
MinimumVisualStudioVersion = 10.0.40219.1
Project("{FAE04EC0-301F-11D3-BF4B-00C04F79EFBC}") = "Q28", "Q28.csproj", "{6F7CC1DF-FB5D-4100-8B3A-9B8FDCEEF400}"
EndProject
Global
	GlobalSection(SolutionConfigurationPlatforms) = preSolution
		Debug|Any CPU = Debug|Any CPU
		Release|Any CPU = Release|Any CPU
	EndGlobalSection
	GlobalSection(ProjectConfigurationPlatforms) = postSolution
		{6F7CC1DF-FB5D-4100-8B3A-9B8FDCEEF400}.Debug|Any CPU.ActiveCfg = Debug|Any CPU
		{6F7CC1DF-FB5D-4100-8B3A-9B8FDCEEF400}.Debug|Any CPU.Build.0 = Debug|Any CPU
		{6F7CC1DF-FB5D-4100-8B3A-9B8FDCEEF400}.Release|Any CPU.ActiveCfg = Release|Any CPU
		{6F7CC1DF-FB5D-4100-8B3A-9B8FDCEEF400}.Release|Any CPU.Build.0 = Release|Any CPU
	EndGlobalSection
	GlobalSection(SolutionProperties) = preSolution
		HideSolutionNode = FALSE
	EndGlobalSection
	GlobalSection(ExtensibilityGlobals) = postSolution
		SolutionGuid = {8FD5FC82-3EAF-42A9-B470-3D67B4A5E63C}
	EndGlobalSection
EndGlobal
