
Microsoft Visual Studio Solution File, Format Version 12.00
# Visual Studio Version 17
VisualStudioVersion = 17.9.34728.123
MinimumVisualStudioVersion = 10.0.40219.1
Project("{FAE04EC0-301F-11D3-BF4B-00C04F79EFBC}") = "Q40", "Q40.csproj", "{C78B6F07-2784-42E0-A1C9-BC1FA487DEBF}"
EndProject
Global
	GlobalSection(SolutionConfigurationPlatforms) = preSolution
		Debug|Any CPU = Debug|Any CPU
		Release|Any CPU = Release|Any CPU
	EndGlobalSection
	GlobalSection(ProjectConfigurationPlatforms) = postSolution
		{C78B6F07-2784-42E0-A1C9-BC1FA487DEBF}.Debug|Any CPU.ActiveCfg = Debug|Any CPU
		{C78B6F07-2784-42E0-A1C9-BC1FA487DEBF}.Debug|Any CPU.Build.0 = Debug|Any CPU
		{C78B6F07-2784-42E0-A1C9-BC1FA487DEBF}.Release|Any CPU.ActiveCfg = Release|Any CPU
		{C78B6F07-2784-42E0-A1C9-BC1FA487DEBF}.Release|Any CPU.Build.0 = Release|Any CPU
	EndGlobalSection
	GlobalSection(SolutionProperties) = preSolution
		HideSolutionNode = FALSE
	EndGlobalSection
	GlobalSection(ExtensibilityGlobals) = postSolution
		SolutionGuid = {4F0E65BD-C6E3-4300-AC96-57072E0AFA6D}
	EndGlobalSection
EndGlobal
