
Microsoft Visual Studio Solution File, Format Version 12.00
# Visual Studio Version 17
VisualStudioVersion = 17.9.34728.123
MinimumVisualStudioVersion = 10.0.40219.1
Project("{FAE04EC0-301F-11D3-BF4B-00C04F79EFBC}") = "Q91", "Q91.csproj", "{02D5E47F-6EED-4A8A-8B7F-ED55DDB70D32}"
EndProject
Global
	GlobalSection(SolutionConfigurationPlatforms) = preSolution
		Debug|Any CPU = Debug|Any CPU
		Release|Any CPU = Release|Any CPU
	EndGlobalSection
	GlobalSection(ProjectConfigurationPlatforms) = postSolution
		{02D5E47F-6EED-4A8A-8B7F-ED55DDB70D32}.Debug|Any CPU.ActiveCfg = Debug|Any CPU
		{02D5E47F-6EED-4A8A-8B7F-ED55DDB70D32}.Debug|Any CPU.Build.0 = Debug|Any CPU
		{02D5E47F-6EED-4A8A-8B7F-ED55DDB70D32}.Release|Any CPU.ActiveCfg = Release|Any CPU
		{02D5E47F-6EED-4A8A-8B7F-ED55DDB70D32}.Release|Any CPU.Build.0 = Release|Any CPU
	EndGlobalSection
	GlobalSection(SolutionProperties) = preSolution
		HideSolutionNode = FALSE
	EndGlobalSection
	GlobalSection(ExtensibilityGlobals) = postSolution
		SolutionGuid = {99C38505-345E-4D09-BFA8-106BFE013B45}
	EndGlobalSection
EndGlobal
