
Microsoft Visual Studio Solution File, Format Version 12.00
# Visual Studio Version 17
VisualStudioVersion = 17.9.34728.123
MinimumVisualStudioVersion = 10.0.40219.1
Project("{FAE04EC0-301F-11D3-BF4B-00C04F79EFBC}") = "Q35", "Q35.csproj", "{5783C846-8F76-4CCA-8750-CD2ADB8A23E9}"
EndProject
Global
	GlobalSection(SolutionConfigurationPlatforms) = preSolution
		Debug|Any CPU = Debug|Any CPU
		Release|Any CPU = Release|Any CPU
	EndGlobalSection
	GlobalSection(ProjectConfigurationPlatforms) = postSolution
		{5783C846-8F76-4CCA-8750-CD2ADB8A23E9}.Debug|Any CPU.ActiveCfg = Debug|Any CPU
		{5783C846-8F76-4CCA-8750-CD2ADB8A23E9}.Debug|Any CPU.Build.0 = Debug|Any CPU
		{5783C846-8F76-4CCA-8750-CD2ADB8A23E9}.Release|Any CPU.ActiveCfg = Release|Any CPU
		{5783C846-8F76-4CCA-8750-CD2ADB8A23E9}.Release|Any CPU.Build.0 = Release|Any CPU
	EndGlobalSection
	GlobalSection(SolutionProperties) = preSolution
		HideSolutionNode = FALSE
	EndGlobalSection
	GlobalSection(ExtensibilityGlobals) = postSolution
		SolutionGuid = {DDE69E21-CF34-401D-9BC9-52F60E098290}
	EndGlobalSection
EndGlobal
