
Microsoft Visual Studio Solution File, Format Version 12.00
# Visual Studio Version 17
VisualStudioVersion = 17.9.34728.123
MinimumVisualStudioVersion = 10.0.40219.1
Project("{FAE04EC0-301F-11D3-BF4B-00C04F79EFBC}") = "Q39", "Q39.csproj", "{23EBA39E-79E0-42AB-89A4-11CD6B468382}"
EndProject
Global
	GlobalSection(SolutionConfigurationPlatforms) = preSolution
		Debug|Any CPU = Debug|Any CPU
		Release|Any CPU = Release|Any CPU
	EndGlobalSection
	GlobalSection(ProjectConfigurationPlatforms) = postSolution
		{23EBA39E-79E0-42AB-89A4-11CD6B468382}.Debug|Any CPU.ActiveCfg = Debug|Any CPU
		{23EBA39E-79E0-42AB-89A4-11CD6B468382}.Debug|Any CPU.Build.0 = Debug|Any CPU
		{23EBA39E-79E0-42AB-89A4-11CD6B468382}.Release|Any CPU.ActiveCfg = Release|Any CPU
		{23EBA39E-79E0-42AB-89A4-11CD6B468382}.Release|Any CPU.Build.0 = Release|Any CPU
	EndGlobalSection
	GlobalSection(SolutionProperties) = preSolution
		HideSolutionNode = FALSE
	EndGlobalSection
	GlobalSection(ExtensibilityGlobals) = postSolution
		SolutionGuid = {87F51902-193C-4854-A9D1-A6603429215C}
	EndGlobalSection
EndGlobal
