
Microsoft Visual Studio Solution File, Format Version 12.00
# Visual Studio Version 17
VisualStudioVersion = 17.9.34728.123
MinimumVisualStudioVersion = 10.0.40219.1
Project("{FAE04EC0-301F-11D3-BF4B-00C04F79EFBC}") = "Q14", "Q14.csproj", "{2ABC95EC-450F-49A3-AC8A-B663FF381045}"
EndProject
Global
	GlobalSection(SolutionConfigurationPlatforms) = preSolution
		Debug|Any CPU = Debug|Any CPU
		Release|Any CPU = Release|Any CPU
	EndGlobalSection
	GlobalSection(ProjectConfigurationPlatforms) = postSolution
		{2ABC95EC-450F-49A3-AC8A-B663FF381045}.Debug|Any CPU.ActiveCfg = Debug|Any CPU
		{2ABC95EC-450F-49A3-AC8A-B663FF381045}.Debug|Any CPU.Build.0 = Debug|Any CPU
		{2ABC95EC-450F-49A3-AC8A-B663FF381045}.Release|Any CPU.ActiveCfg = Release|Any CPU
		{2ABC95EC-450F-49A3-AC8A-B663FF381045}.Release|Any CPU.Build.0 = Release|Any CPU
	EndGlobalSection
	GlobalSection(SolutionProperties) = preSolution
		HideSolutionNode = FALSE
	EndGlobalSection
	GlobalSection(ExtensibilityGlobals) = postSolution
		SolutionGuid = {C0822CB2-7D01-4D99-BCC5-32BC5235E2C8}
	EndGlobalSection
EndGlobal
