
Microsoft Visual Studio Solution File, Format Version 12.00
# Visual Studio Version 17
VisualStudioVersion = 17.9.34728.123
MinimumVisualStudioVersion = 10.0.40219.1
Project("{FAE04EC0-301F-11D3-BF4B-00C04F79EFBC}") = "Q87", "Q87.csproj", "{04B10645-D544-4B91-B593-5A923E7CFFE3}"
EndProject
Global
	GlobalSection(SolutionConfigurationPlatforms) = preSolution
		Debug|Any CPU = Debug|Any CPU
		Release|Any CPU = Release|Any CPU
	EndGlobalSection
	GlobalSection(ProjectConfigurationPlatforms) = postSolution
		{04B10645-D544-4B91-B593-5A923E7CFFE3}.Debug|Any CPU.ActiveCfg = Debug|Any CPU
		{04B10645-D544-4B91-B593-5A923E7CFFE3}.Debug|Any CPU.Build.0 = Debug|Any CPU
		{04B10645-D544-4B91-B593-5A923E7CFFE3}.Release|Any CPU.ActiveCfg = Release|Any CPU
		{04B10645-D544-4B91-B593-5A923E7CFFE3}.Release|Any CPU.Build.0 = Release|Any CPU
	EndGlobalSection
	GlobalSection(SolutionProperties) = preSolution
		HideSolutionNode = FALSE
	EndGlobalSection
	GlobalSection(ExtensibilityGlobals) = postSolution
		SolutionGuid = {9E29C29B-D39C-45A7-830E-EF45E22F961F}
	EndGlobalSection
EndGlobal
