
Microsoft Visual Studio Solution File, Format Version 12.00
# Visual Studio Version 17
VisualStudioVersion = 17.9.34728.123
MinimumVisualStudioVersion = 10.0.40219.1
Project("{FAE04EC0-301F-11D3-BF4B-00C04F79EFBC}") = "Q20", "Q20.csproj", "{7484B80C-5A9F-4500-94E1-A57C7344607A}"
EndProject
Global
	GlobalSection(SolutionConfigurationPlatforms) = preSolution
		Debug|Any CPU = Debug|Any CPU
		Release|Any CPU = Release|Any CPU
	EndGlobalSection
	GlobalSection(ProjectConfigurationPlatforms) = postSolution
		{7484B80C-5A9F-4500-94E1-A57C7344607A}.Debug|Any CPU.ActiveCfg = Debug|Any CPU
		{7484B80C-5A9F-4500-94E1-A57C7344607A}.Debug|Any CPU.Build.0 = Debug|Any CPU
		{7484B80C-5A9F-4500-94E1-A57C7344607A}.Release|Any CPU.ActiveCfg = Release|Any CPU
		{7484B80C-5A9F-4500-94E1-A57C7344607A}.Release|Any CPU.Build.0 = Release|Any CPU
	EndGlobalSection
	GlobalSection(SolutionProperties) = preSolution
		HideSolutionNode = FALSE
	EndGlobalSection
	GlobalSection(ExtensibilityGlobals) = postSolution
		SolutionGuid = {40D8545C-D46F-44A0-91E1-D85670A0F615}
	EndGlobalSection
EndGlobal
