
Microsoft Visual Studio Solution File, Format Version 12.00
# Visual Studio Version 17
VisualStudioVersion = 17.9.34728.123
MinimumVisualStudioVersion = 10.0.40219.1
Project("{FAE04EC0-301F-11D3-BF4B-00C04F79EFBC}") = "Q4", "Q4.csproj", "{4A18FB12-83AA-4855-96A7-8EFBAA7BDA51}"
EndProject
Global
	GlobalSection(SolutionConfigurationPlatforms) = preSolution
		Debug|Any CPU = Debug|Any CPU
		Release|Any CPU = Release|Any CPU
	EndGlobalSection
	GlobalSection(ProjectConfigurationPlatforms) = postSolution
		{4A18FB12-83AA-4855-96A7-8EFBAA7BDA51}.Debug|Any CPU.ActiveCfg = Debug|Any CPU
		{4A18FB12-83AA-4855-96A7-8EFBAA7BDA51}.Debug|Any CPU.Build.0 = Debug|Any CPU
		{4A18FB12-83AA-4855-96A7-8EFBAA7BDA51}.Release|Any CPU.ActiveCfg = Release|Any CPU
		{4A18FB12-83AA-4855-96A7-8EFBAA7BDA51}.Release|Any CPU.Build.0 = Release|Any CPU
	EndGlobalSection
	GlobalSection(SolutionProperties) = preSolution
		HideSolutionNode = FALSE
	EndGlobalSection
	GlobalSection(ExtensibilityGlobals) = postSolution
		SolutionGuid = {3818AABD-F8A2-4AD8-B430-A10EEE248F6B}
	EndGlobalSection
EndGlobal
