
Microsoft Visual Studio Solution File, Format Version 12.00
# Visual Studio Version 17
VisualStudioVersion = 17.9.34728.123
MinimumVisualStudioVersion = 10.0.40219.1
Project("{FAE04EC0-301F-11D3-BF4B-00C04F79EFBC}") = "Q70", "Q70.csproj", "{708E7B88-201E-46C4-92F0-BAABA8D5A17D}"
EndProject
Global
	GlobalSection(SolutionConfigurationPlatforms) = preSolution
		Debug|Any CPU = Debug|Any CPU
		Release|Any CPU = Release|Any CPU
	EndGlobalSection
	GlobalSection(ProjectConfigurationPlatforms) = postSolution
		{708E7B88-201E-46C4-92F0-BAABA8D5A17D}.Debug|Any CPU.ActiveCfg = Debug|Any CPU
		{708E7B88-201E-46C4-92F0-BAABA8D5A17D}.Debug|Any CPU.Build.0 = Debug|Any CPU
		{708E7B88-201E-46C4-92F0-BAABA8D5A17D}.Release|Any CPU.ActiveCfg = Release|Any CPU
		{708E7B88-201E-46C4-92F0-BAABA8D5A17D}.Release|Any CPU.Build.0 = Release|Any CPU
	EndGlobalSection
	GlobalSection(SolutionProperties) = preSolution
		HideSolutionNode = FALSE
	EndGlobalSection
	GlobalSection(ExtensibilityGlobals) = postSolution
		SolutionGuid = {6EF4E3DD-025B-4852-8E7B-992BBF13F0B3}
	EndGlobalSection
EndGlobal
