
Microsoft Visual Studio Solution File, Format Version 12.00
# Visual Studio Version 17
VisualStudioVersion = 17.9.34728.123
MinimumVisualStudioVersion = 10.0.40219.1
Project("{FAE04EC0-301F-11D3-BF4B-00C04F79EFBC}") = "Q48", "Q48.csproj", "{7F08B716-0E65-4021-BAF8-A5E6F4DA81ED}"
EndProject
Global
	GlobalSection(SolutionConfigurationPlatforms) = preSolution
		Debug|Any CPU = Debug|Any CPU
		Release|Any CPU = Release|Any CPU
	EndGlobalSection
	GlobalSection(ProjectConfigurationPlatforms) = postSolution
		{7F08B716-0E65-4021-BAF8-A5E6F4DA81ED}.Debug|Any CPU.ActiveCfg = Debug|Any CPU
		{7F08B716-0E65-4021-BAF8-A5E6F4DA81ED}.Debug|Any CPU.Build.0 = Debug|Any CPU
		{7F08B716-0E65-4021-BAF8-A5E6F4DA81ED}.Release|Any CPU.ActiveCfg = Release|Any CPU
		{7F08B716-0E65-4021-BAF8-A5E6F4DA81ED}.Release|Any CPU.Build.0 = Release|Any CPU
	EndGlobalSection
	GlobalSection(SolutionProperties) = preSolution
		HideSolutionNode = FALSE
	EndGlobalSection
	GlobalSection(ExtensibilityGlobals) = postSolution
		SolutionGuid = {001D042F-376B-4A25-AA7C-0AD6DBA343D5}
	EndGlobalSection
EndGlobal
