
Microsoft Visual Studio Solution File, Format Version 12.00
# Visual Studio Version 17
VisualStudioVersion = 17.9.34728.123
MinimumVisualStudioVersion = 10.0.40219.1
Project("{FAE04EC0-301F-11D3-BF4B-00C04F79EFBC}") = "Q34", "Q34.csproj", "{8011CBD7-8C44-4ECA-B14E-D932F9AD2B0F}"
EndProject
Global
	GlobalSection(SolutionConfigurationPlatforms) = preSolution
		Debug|Any CPU = Debug|Any CPU
		Release|Any CPU = Release|Any CPU
	EndGlobalSection
	GlobalSection(ProjectConfigurationPlatforms) = postSolution
		{8011CBD7-8C44-4ECA-B14E-D932F9AD2B0F}.Debug|Any CPU.ActiveCfg = Debug|Any CPU
		{8011CBD7-8C44-4ECA-B14E-D932F9AD2B0F}.Debug|Any CPU.Build.0 = Debug|Any CPU
		{8011CBD7-8C44-4ECA-B14E-D932F9AD2B0F}.Release|Any CPU.ActiveCfg = Release|Any CPU
		{8011CBD7-8C44-4ECA-B14E-D932F9AD2B0F}.Release|Any CPU.Build.0 = Release|Any CPU
	EndGlobalSection
	GlobalSection(SolutionProperties) = preSolution
		HideSolutionNode = FALSE
	EndGlobalSection
	GlobalSection(ExtensibilityGlobals) = postSolution
		SolutionGuid = {B88FCA60-F288-4832-B8A4-05F945E3E65E}
	EndGlobalSection
EndGlobal
