
Microsoft Visual Studio Solution File, Format Version 12.00
# Visual Studio Version 17
VisualStudioVersion = 17.9.34728.123
MinimumVisualStudioVersion = 10.0.40219.1
Project("{FAE04EC0-301F-11D3-BF4B-00C04F79EFBC}") = "Q81", "Q81.csproj", "{4DFF9AC4-9892-4A13-BDBF-AED0BFE4EC43}"
EndProject
Global
	GlobalSection(SolutionConfigurationPlatforms) = preSolution
		Debug|Any CPU = Debug|Any CPU
		Release|Any CPU = Release|Any CPU
	EndGlobalSection
	GlobalSection(ProjectConfigurationPlatforms) = postSolution
		{4DFF9AC4-9892-4A13-BDBF-AED0BFE4EC43}.Debug|Any CPU.ActiveCfg = Debug|Any CPU
		{4DFF9AC4-9892-4A13-BDBF-AED0BFE4EC43}.Debug|Any CPU.Build.0 = Debug|Any CPU
		{4DFF9AC4-9892-4A13-BDBF-AED0BFE4EC43}.Release|Any CPU.ActiveCfg = Release|Any CPU
		{4DFF9AC4-9892-4A13-BDBF-AED0BFE4EC43}.Release|Any CPU.Build.0 = Release|Any CPU
	EndGlobalSection
	GlobalSection(SolutionProperties) = preSolution
		HideSolutionNode = FALSE
	EndGlobalSection
	GlobalSection(ExtensibilityGlobals) = postSolution
		SolutionGuid = {42367374-D533-4441-BAF9-22BB1B1DE0A4}
	EndGlobalSection
EndGlobal
