
Microsoft Visual Studio Solution File, Format Version 12.00
# Visual Studio Version 17
VisualStudioVersion = 17.9.34728.123
MinimumVisualStudioVersion = 10.0.40219.1
Project("{FAE04EC0-301F-11D3-BF4B-00C04F79EFBC}") = "Q15", "Q15.csproj", "{059216B8-9D34-4DBE-B61B-76FAD985CF85}"
EndProject
Global
	GlobalSection(SolutionConfigurationPlatforms) = preSolution
		Debug|Any CPU = Debug|Any CPU
		Release|Any CPU = Release|Any CPU
	EndGlobalSection
	GlobalSection(ProjectConfigurationPlatforms) = postSolution
		{059216B8-9D34-4DBE-B61B-76FAD985CF85}.Debug|Any CPU.ActiveCfg = Debug|Any CPU
		{059216B8-9D34-4DBE-B61B-76FAD985CF85}.Debug|Any CPU.Build.0 = Debug|Any CPU
		{059216B8-9D34-4DBE-B61B-76FAD985CF85}.Release|Any CPU.ActiveCfg = Release|Any CPU
		{059216B8-9D34-4DBE-B61B-76FAD985CF85}.Release|Any CPU.Build.0 = Release|Any CPU
	EndGlobalSection
	GlobalSection(SolutionProperties) = preSolution
		HideSolutionNode = FALSE
	EndGlobalSection
	GlobalSection(ExtensibilityGlobals) = postSolution
		SolutionGuid = {4CD656A1-8660-43C5-901B-79C9E0955C9B}
	EndGlobalSection
EndGlobal
