
Microsoft Visual Studio Solution File, Format Version 12.00
# Visual Studio Version 17
VisualStudioVersion = 17.9.34728.123
MinimumVisualStudioVersion = 10.0.40219.1
Project("{FAE04EC0-301F-11D3-BF4B-00C04F79EFBC}") = "Q89", "Q89.csproj", "{DD07E62B-019C-4F13-8B8B-3A4B9FDF6F05}"
EndProject
Global
	GlobalSection(SolutionConfigurationPlatforms) = preSolution
		Debug|Any CPU = Debug|Any CPU
		Release|Any CPU = Release|Any CPU
	EndGlobalSection
	GlobalSection(ProjectConfigurationPlatforms) = postSolution
		{DD07E62B-019C-4F13-8B8B-3A4B9FDF6F05}.Debug|Any CPU.ActiveCfg = Debug|Any CPU
		{DD07E62B-019C-4F13-8B8B-3A4B9FDF6F05}.Debug|Any CPU.Build.0 = Debug|Any CPU
		{DD07E62B-019C-4F13-8B8B-3A4B9FDF6F05}.Release|Any CPU.ActiveCfg = Release|Any CPU
		{DD07E62B-019C-4F13-8B8B-3A4B9FDF6F05}.Release|Any CPU.Build.0 = Release|Any CPU
	EndGlobalSection
	GlobalSection(SolutionProperties) = preSolution
		HideSolutionNode = FALSE
	EndGlobalSection
	GlobalSection(ExtensibilityGlobals) = postSolution
		SolutionGuid = {29464E1C-23B9-4B64-841E-B8991C49FF0B}
	EndGlobalSection
EndGlobal
