
Microsoft Visual Studio Solution File, Format Version 12.00
# Visual Studio Version 17
VisualStudioVersion = 17.9.34728.123
MinimumVisualStudioVersion = 10.0.40219.1
Project("{FAE04EC0-301F-11D3-BF4B-00C04F79EFBC}") = "Q12", "Q12.csproj", "{DDA3CAA7-A835-47E8-A111-A713E408E1B3}"
EndProject
Global
	GlobalSection(SolutionConfigurationPlatforms) = preSolution
		Debug|Any CPU = Debug|Any CPU
		Release|Any CPU = Release|Any CPU
	EndGlobalSection
	GlobalSection(ProjectConfigurationPlatforms) = postSolution
		{DDA3CAA7-A835-47E8-A111-A713E408E1B3}.Debug|Any CPU.ActiveCfg = Debug|Any CPU
		{DDA3CAA7-A835-47E8-A111-A713E408E1B3}.Debug|Any CPU.Build.0 = Debug|Any CPU
		{DDA3CAA7-A835-47E8-A111-A713E408E1B3}.Release|Any CPU.ActiveCfg = Release|Any CPU
		{DDA3CAA7-A835-47E8-A111-A713E408E1B3}.Release|Any CPU.Build.0 = Release|Any CPU
	EndGlobalSection
	GlobalSection(SolutionProperties) = preSolution
		HideSolutionNode = FALSE
	EndGlobalSection
	GlobalSection(ExtensibilityGlobals) = postSolution
		SolutionGuid = {84EBAB57-7F1B-46A0-8831-8A5A4BA4D4FB}
	EndGlobalSection
EndGlobal
