
Microsoft Visual Studio Solution File, Format Version 12.00
# Visual Studio Version 17
VisualStudioVersion = 17.9.34728.123
MinimumVisualStudioVersion = 10.0.40219.1
Project("{FAE04EC0-301F-11D3-BF4B-00C04F79EFBC}") = "Q66", "Q66.csproj", "{62C2F3D2-E545-48AF-8366-BE28B2C575F8}"
EndProject
Global
	GlobalSection(SolutionConfigurationPlatforms) = preSolution
		Debug|Any CPU = Debug|Any CPU
		Release|Any CPU = Release|Any CPU
	EndGlobalSection
	GlobalSection(ProjectConfigurationPlatforms) = postSolution
		{62C2F3D2-E545-48AF-8366-BE28B2C575F8}.Debug|Any CPU.ActiveCfg = Debug|Any CPU
		{62C2F3D2-E545-48AF-8366-BE28B2C575F8}.Debug|Any CPU.Build.0 = Debug|Any CPU
		{62C2F3D2-E545-48AF-8366-BE28B2C575F8}.Release|Any CPU.ActiveCfg = Release|Any CPU
		{62C2F3D2-E545-48AF-8366-BE28B2C575F8}.Release|Any CPU.Build.0 = Release|Any CPU
	EndGlobalSection
	GlobalSection(SolutionProperties) = preSolution
		HideSolutionNode = FALSE
	EndGlobalSection
	GlobalSection(ExtensibilityGlobals) = postSolution
		SolutionGuid = {77243BC9-51CA-4D90-916D-519FD413C2E6}
	EndGlobalSection
EndGlobal
